// !$*UTF8*$!
{
	archiveVersion = 1;
	classes = {
	};
	objectVersion = 46;
	objects = {

/* Begin PBXBuildFile section */
		7A94CA291E8FE06E00DEB5A4 /* AppDelegate.swift in Sources */ = {isa = PBXBuildFile; fileRef = 7A94CA281E8FE06E00DEB5A4 /* AppDelegate.swift */; };
		7A94CA2B1E8FE06E00DEB5A4 /* ViewController.swift in Sources */ = {isa = PBXBuildFile; fileRef = 7A94CA2A1E8FE06E00DEB5A4 /* ViewController.swift */; };
		7A94CA2E1E8FE06E00DEB5A4 /* Main.storyboard in Resources */ = {isa = PBXBuildFile; fileRef = 7A94CA2C1E8FE06E00DEB5A4 /* Main.storyboard */; };
		7A94CA301E8FE06E00DEB5A4 /* Assets.xcassets in Resources */ = {isa = PBXBuildFile; fileRef = 7A94CA2F1E8FE06E00DEB5A4 /* Assets.xcassets */; };
		7A94CA331E8FE06E00DEB5A4 /* LaunchScreen.storyboard in Resources */ = {isa = PBXBuildFile; fileRef = 7A94CA311E8FE06E00DEB5A4 /* LaunchScreen.storyboard */; };
		7A94CA411E903CF200DEB5A4 /* Resoursable.swift in Sources */ = {isa = PBXBuildFile; fileRef = 7A94CA401E903CF200DEB5A4 /* Resoursable.swift */; };
		7A94CA441E903D1900DEB5A4 /* MyResource.swift in Sources */ = {isa = PBXBuildFile; fileRef = 7A94CA431E903D1900DEB5A4 /* MyResource.swift */; };
/* End PBXBuildFile section */

/* Begin PBXFileReference section */
		7A94CA251E8FE06E00DEB5A4 /* SingletonUsingProtocols.app */ = {isa = PBXFileReference; explicitFileType = wrapper.application; includeInIndex = 0; path = SingletonUsingProtocols.app; sourceTree = BUILT_PRODUCTS_DIR; };
		7A94CA281E8FE06E00DEB5A4 /* AppDelegate.swift */ = {isa = PBXFileReference; lastKnownFileType = sourcecode.swift; path = AppDelegate.swift; sourceTree = "<group>"; };
		7A94CA2A1E8FE06E00DEB5A4 /* ViewController.swift */ = {isa = PBXFileReference; lastKnownFileType = sourcecode.swift; path = ViewController.swift; sourceTree = "<group>"; };
		7A94CA2D1E8FE06E00DEB5A4 /* Base */ = {isa = PBXFileReference; lastKnownFileType = file.storyboard; name = Base; path = Base.lproj/Main.storyboard; sourceTree = "<group>"; };
		7A94CA2F1E8FE06E00DEB5A4 /* Assets.xcassets */ = {isa = PBXFileReference; lastKnownFileType = folder.assetcatalog; path = Assets.xcassets; sourceTree = "<group>"; };
		7A94CA321E8FE06E00DEB5A4 /* Base */ = {isa = PBXFileReference; lastKnownFileType = file.storyboard; name = Base; path = Base.lproj/LaunchScreen.storyboard; sourceTree = "<group>"; };
		7A94CA341E8FE06E00DEB5A4 /* Info.plist */ = {isa = PBXFileReference; lastKnownFileType = text.plist.xml; path = Info.plist; sourceTree = "<group>"; };
		7A94CA401E903CF200DEB5A4 /* Resoursable.swift */ = {isa = PBXFileReference; fileEncoding = 4; lastKnownFileType = sourcecode.swift; path = Resoursable.swift; sourceTree = "<group>"; };
		7A94CA431E903D1900DEB5A4 /* MyResource.swift */ = {isa = PBXFileReference; fileEncoding = 4; lastKnownFileType = sourcecode.swift; path = MyResource.swift; sourceTree = "<group>"; };
/* End PBXFileReference section */

/* Begin PBXFrameworksBuildPhase section */
		7A94CA221E8FE06E00DEB5A4 /* Frameworks */ = {
			isa = PBXFrameworksBuildPhase;
			buildActionMask = 2147483647;
			files = (
			);
			runOnlyForDeploymentPostprocessing = 0;
		};
/* End PBXFrameworksBuildPhase section */

/* Begin PBXGroup section */
		7A94CA1C1E8FE06E00DEB5A4 = {
			isa = PBXGroup;
			children = (
				7A94CA271E8FE06E00DEB5A4 /* SingletonUsingProtocols */,
				7A94CA261E8FE06E00DEB5A4 /* Products */,
			);
			sourceTree = "<group>";
		};
		7A94CA261E8FE06E00DEB5A4 /* Products */ = {
			isa = PBXGroup;
			children = (
				7A94CA251E8FE06E00DEB5A4 /* SingletonUsingProtocols.app */,
			);
			name = Products;
			sourceTree = "<group>";
		};
		7A94CA271E8FE06E00DEB5A4 /* SingletonUsingProtocols */ = {
			isa = PBXGroup;
			children = (
				7A94CA421E903D0900DEB5A4 /* Shared */,
				7A94CA3F1E903CF200DEB5A4 /* Protocols */,
				7A94CA281E8FE06E00DEB5A4 /* AppDelegate.swift */,
				7A94CA2A1E8FE06E00DEB5A4 /* ViewController.swift */,
				7A94CA2C1E8FE06E00DEB5A4 /* Main.storyboard */,
				7A94CA2F1E8FE06E00DEB5A4 /* Assets.xcassets */,
				7A94CA311E8FE06E00DEB5A4 /* LaunchScreen.storyboard */,
				7A94CA341E8FE06E00DEB5A4 /* Info.plist */,
			);
			path = SingletonUsingProtocols;
			sourceTree = "<group>";
		};
		7A94CA3F1E903CF200DEB5A4 /* Protocols */ = {
			isa = PBXGroup;
			children = (
				7A94CA401E903CF200DEB5A4 /* Resoursable.swift */,
			);
			path = Protocols;
			sourceTree = "<group>";
		};
		7A94CA421E903D0900DEB5A4 /* Shared */ = {
			isa = PBXGroup;
			children = (
				7A94CA431E903D1900DEB5A4 /* MyResource.swift */,
			);
			path = Shared;
			sourceTree = "<group>";
		};
/* End PBXGroup section */

/* Begin PBXNativeTarget section */
		7A94CA241E8FE06E00DEB5A4 /* SingletonUsingProtocols */ = {
			isa = PBXNativeTarget;
			buildConfigurationList = 7A94CA371E8FE06E00DEB5A4 /* Build configuration list for PBXNativeTarget "SingletonUsingProtocols" */;
			buildPhases = (
				7A94CA211E8FE06E00DEB5A4 /* Sources */,
				7A94CA221E8FE06E00DEB5A4 /* Frameworks */,
				7A94CA231E8FE06E00DEB5A4 /* Resources */,
			);
			buildRules = (
			);
			dependencies = (
			);
			name = SingletonUsingProtocols;
			productName = SingletonUsingProtocols;
			productReference = 7A94CA251E8FE06E00DEB5A4 /* SingletonUsingProtocols.app */;
			productType = "com.apple.product-type.application";
		};
/* End PBXNativeTarget section */

/* Begin PBXProject section */
		7A94CA1D1E8FE06E00DEB5A4 /* Project object */ = {
			isa = PBXProject;
			attributes = {
				LastSwiftUpdateCheck = 0820;
				LastUpgradeCheck = 0820;
				ORGANIZATIONNAME = "John, Melvin (Associate Software Developer)";
				TargetAttributes = {
					7A94CA241E8FE06E00DEB5A4 = {
						CreatedOnToolsVersion = 8.2;
						ProvisioningStyle = Automatic;
					};
				};
			};
			buildConfigurationList = 7A94CA201E8FE06E00DEB5A4 /* Build configuration list for PBXProject "SingletonUsingProtocols" */;
			compatibilityVersion = "Xcode 3.2";
			developmentRegion = English;
			hasScannedForEncodings = 0;
			knownRegions = (
				en,
				Base,
			);
			mainGroup = 7A94CA1C1E8FE06E00DEB5A4;
			productRefGroup = 7A94CA261E8FE06E00DEB5A4 /* Products */;
			projectDirPath = "";
			projectRoot = "";
			targets = (
				7A94CA241E8FE06E00DEB5A4 /* SingletonUsingProtocols */,
			);
		};
/* End PBXProject section */

/* Begin PBXResourcesBuildPhase section */
		7A94CA231E8FE06E00DEB5A4 /* Resources */ = {
			isa = PBXResourcesBuildPhase;
			buildActionMask = 2147483647;
			files = (
				7A94CA331E8FE06E00DEB5A4 /* LaunchScreen.storyboard in Resources */,
				7A94CA301E8FE06E00DEB5A4 /* Assets.xcassets in Resources */,
				7A94CA2E1E8FE06E00DEB5A4 /* Main.storyboard in Resources */,
			);
			runOnlyForDeploymentPostprocessing = 0;
		};
/* End PBXResourcesBuildPhase section */

/* Begin PBXSourcesBuildPhase section */
		7A94CA211E8FE06E00DEB5A4 /* Sources */ = {
			isa = PBXSourcesBuildPhase;
			buildActionMask = 2147483647;
			files = (
				7A94CA2B1E8FE06E00DEB5A4 /* ViewController.swift in Sources */,
				7A94CA291E8FE06E00DEB5A4 /* AppDelegate.swift in Sources */,
				7A94CA441E903D1900DEB5A4 /* MyResource.swift in Sources */,
				7A94CA411E903CF200DEB5A4 /* Resoursable.swift in Sources */,
			);
			runOnlyForDeploymentPostprocessing = 0;
		};
/* End PBXSourcesBuildPhase section */

/* Begin PBXVariantGroup section */
		7A94CA2C1E8FE06E00DEB5A4 /* Main.storyboard */ = {
			isa = PBXVariantGroup;
			children = (
				7A94CA2D1E8FE06E00DEB5A4 /* Base */,
			);
			name = Main.storyboard;
			sourceTree = "<group>";
		};
		7A94CA311E8FE06E00DEB5A4 /* LaunchScreen.storyboard */ = {
			isa = PBXVariantGroup;
			children = (
				7A94CA321E8FE06E00DEB5A4 /* Base */,
			);
			name = LaunchScreen.storyboard;
			sourceTree = "<group>";
		};
/* End PBXVariantGroup section */

/* Begin XCBuildConfiguration section */
		7A94CA351E8FE06E00DEB5A4 /* Debug */ = {
			isa = XCBuildConfiguration;
			buildSettings = {
				ALWAYS_SEARCH_USER_PATHS = NO;
				CLANG_ANALYZER_NONNULL = YES;
				CLANG_CXX_LANGUAGE_STANDARD = "gnu++0x";
				CLANG_CXX_LIBRARY = "libc++";
				CLANG_ENABLE_MODULES = YES;
				CLANG_ENABLE_OBJC_ARC = YES;
				CLANG_WARN_BOOL_CONVERSION = YES;
				CLANG_WARN_CONSTANT_CONVERSION = YES;
				CLANG_WARN_DIRECT_OBJC_ISA_USAGE = YES_ERROR;
				CLANG_WARN_DOCUMENTATION_COMMENTS = YES;
				CLANG_WARN_EMPTY_BODY = YES;
				CLANG_WARN_ENUM_CONVERSION = YES;
				CLANG_WARN_INFINITE_RECURSION = YES;
				CLANG_WARN_INT_CONVERSION = YES;
				CLANG_WARN_OBJC_ROOT_CLASS = YES_ERROR;
				CLANG_WARN_SUSPICIOUS_MOVE = YES;
				CLANG_WARN_UNREACHABLE_CODE = YES;
				CLANG_WARN__DUPLICATE_METHOD_MATCH = YES;
				"CODE_SIGN_IDENTITY[sdk=iphoneos*]" = "iPhone Developer";
				COPY_PHASE_STRIP = NO;
				DEBUG_INFORMATION_FORMAT = dwarf;
				ENABLE_STRICT_OBJC_MSGSEND = YES;
				ENABLE_TESTABILITY = YES;
				GCC_C_LANGUAGE_STANDARD = gnu99;
				GCC_DYNAMIC_NO_PIC = NO;
				GCC_NO_COMMON_BLOCKS = YES;
				GCC_OPTIMIZATION_LEVEL = 0;
				GCC_PREPROCESSOR_DEFINITIONS = (
					"DEBUG=1",
					"$(inherited)",
				);
				GCC_WARN_64_TO_32_BIT_CONVERSION = YES;
				GCC_WARN_ABOUT_RETURN_TYPE = YES_ERROR;
				GCC_WARN_UNDECLARED_SELECTOR = YES;
				GCC_WARN_UNINITIALIZED_AUTOS = YES_AGGRESSIVE;
				GCC_WARN_UNUSED_FUNCTION = YES;
				GCC_WARN_UNUSED_VARIABLE = YES;
				IPHONEOS_DEPLOYMENT_TARGET = 10.2;
				MTL_ENABLE_DEBUG_INFO = YES;
				ONLY_ACTIVE_ARCH = YES;
				SDKROOT = iphoneos;
				SWIFT_ACTIVE_COMPILATION_CONDITIONS = DEBUG;
				SWIFT_OPTIMIZATION_LEVEL = "-Onone";
			};
			name = Debug;
		};
		7A94CA361E8FE06E00DEB5A4 /* Release */ = {
			isa = XCBuildConfiguration;
			buildSettings = {
				ALWAYS_SEARCH_USER_PATHS = NO;
				CLANG_ANALYZER_NONNULL = YES;
				CLANG_CXX_LANGUAGE_STANDARD = "gnu++0x";
				CLANG_CXX_LIBRARY = "libc++";
				CLANG_ENABLE_MODULES = YES;
				CLANG_ENABLE_OBJC_ARC = YES;
				CLANG_WARN_BOOL_CONVERSION = YES;
				CLANG_WARN_CONSTANT_CONVERSION = YES;
				CLANG_WARN_DIRECT_OBJC_ISA_USAGE = YES_ERROR;
				CLANG_WARN_DOCUMENTATION_COMMENTS = YES;
				CLANG_WARN_EMPTY_BODY = YES;
				CLANG_WARN_ENUM_CONVERSION = YES;
				CLANG_WARN_INFINITE_RECURSION = YES;
				CLANG_WARN_INT_CONVERSION = YES;
				CLANG_WARN_OBJC_ROOT_CLASS = YES_ERROR;
				CLANG_WARN_SUSPICIOUS_MOVE = YES;
				CLANG_WARN_UNREACHABLE_CODE = YES;
				CLANG_WARN__DUPLICATE_METHOD_MATCH = YES;
				"CODE_SIGN_IDENTITY[sdk=iphoneos*]" = "iPhone Developer";
				COPY_PHASE_STRIP = NO;
				DEBUG_INFORMATION_FORMAT = "dwarf-with-dsym";
				ENABLE_NS_ASSERTIONS = NO;
				ENABLE_STRICT_OBJC_MSGSEND = YES;
				GCC_C_LANGUAGE_STANDARD = gnu99;
				GCC_NO_COMMON_BLOCKS = YES;
				GCC_WARN_64_TO_32_BIT_CONVERSION = YES;
				GCC_WARN_ABOUT_RETURN_TYPE = YES_ERROR;
				GCC_WARN_UNDECLARED_SELECTOR = YES;
				GCC_WARN_UNINITIALIZED_AUTOS = YES_AGGRESSIVE;
				GCC_WARN_UNUSED_FUNCTION = YES;
				GCC_WARN_UNUSED_VARIABLE = YES;
				IPHONEOS_DEPLOYMENT_TARGET = 10.2;
				MTL_ENABLE_DEBUG_INFO = NO;
				SDKROOT = iphoneos;
				SWIFT_OPTIMIZATION_LEVEL = "-Owholemodule";
				VALIDATE_PRODUCT = YES;
			};
			name = Release;
		};
		7A94CA381E8FE06E00DEB5A4 /* Debug */ = {
			isa = XCBuildConfiguration;
			buildSettings = {
				ASSETCATALOG_COMPILER_APPICON_NAME = AppIcon;
				INFOPLIST_FILE = SingletonUsingProtocols/Info.plist;
				LD_RUNPATH_SEARCH_PATHS = "$(inherited) @executable_path/Frameworks";
				PRODUCT_BUNDLE_IDENTIFIER = com.sky.SingletonUsingProtocols;
				PRODUCT_NAME = "$(TARGET_NAME)";
				SWIFT_VERSION = 3.0;
			};
			name = Debug;
		};
		7A94CA391E8FE06E00DEB5A4 /* Release */ = {
			isa = XCBuildConfiguration;
			buildSettings = {
				ASSETCATALOG_COMPILER_APPICON_NAME = AppIcon;
				INFOPLIST_FILE = SingletonUsingProtocols/Info.plist;
				LD_RUNPATH_SEARCH_PATHS = "$(inherited) @executable_path/Frameworks";
				PRODUCT_BUNDLE_IDENTIFIER = com.sky.SingletonUsingProtocols;
				PRODUCT_NAME = "$(TARGET_NAME)";
				SWIFT_VERSION = 3.0;
			};
			name = Release;
		};
/* End XCBuildConfiguration section */

/* Begin XCConfigurationList section */
		7A94CA201E8FE06E00DEB5A4 /* Build configuration list for PBXProject "SingletonUsingProtocols" */ = {
			isa = XCConfigurationList;
			buildConfigurations = (
				7A94CA351E8FE06E00DEB5A4 /* Debug */,
				7A94CA361E8FE06E00DEB5A4 /* Release */,
			);
			defaultConfigurationIsVisible = 0;
			defaultConfigurationName = Release;
		};
		7A94CA371E8FE06E00DEB5A4 /* Build configuration list for PBXNativeTarget "SingletonUsingProtocols" */ = {
			isa = XCConfigurationList;
			buildConfigurations = (
				7A94CA381E8FE06E00DEB5A4 /* Debug */,
				7A94CA391E8FE06E00DEB5A4 /* Release */,
			);
			defaultConfigurationIsVisible = 0;
		};
/* End XCConfigurationList section */
	};
	rootObject = 7A94CA1D1E8FE06E00DEB5A4 /* Project object */;
}
